
Microsoft Visual Studio Solution File, Format Version 12.00
# Visual Studio Version 17
VisualStudioVersion = 17.0.31903.59
MinimumVisualStudioVersion = 10.0.40219.1
Project("{9A19103F-16F7-4668-BE54-9A1E7A4F7556}") = "ScreenSound", "ScreenSound\ScreenSound.csproj", "{A9CCE41C-6657-42BF-AED4-F3F578033037}"
EndProject
Project("{9A19103F-16F7-4668-BE54-9A1E7A4F7556}") = "ScreenSound.API", "ScreenSound.API\ScreenSound.API.csproj", "{7D474533-B69B-495B-B95A-5D69AAF59C80}"
EndProject
Project("{9A19103F-16F7-4668-BE54-9A1E7A4F7556}") = "ScreenSound.Shared.Modelos", "ScreenSound.Shared.Modelos\ScreenSound.Shared.Modelos.csproj", "{14A25425-D0B3-46AE-8584-61693E41CBAA}"
EndProject
Project("{9A19103F-16F7-4668-BE54-9A1E7A4F7556}") = "ScreenSound.Shared.Dados", "ScreenSound.Shared.Dados\ScreenSound.Shared.Dados.csproj", "{5F3ADB1B-C5B6-4690-AECB-18D28D93992A}"
EndProject
Project("{9A19103F-16F7-4668-BE54-9A1E7A4F7556}") = "ScreenSound.Web", "ScreenSound.Web\ScreenSound.Web.csproj", "{1549DC96-4483-48C4-ADF7-B7921BB46DEF}"
EndProject
Global
	GlobalSection(SolutionConfigurationPlatforms) = preSolution
		Debug|Any CPU = Debug|Any CPU
		Release|Any CPU = Release|Any CPU
	EndGlobalSection
	GlobalSection(ProjectConfigurationPlatforms) = postSolution
		{A9CCE41C-6657-42BF-AED4-F3F578033037}.Debug|Any CPU.ActiveCfg = Debug|Any CPU
		{A9CCE41C-6657-42BF-AED4-F3F578033037}.Debug|Any CPU.Build.0 = Debug|Any CPU
		{A9CCE41C-6657-42BF-AED4-F3F578033037}.Release|Any CPU.ActiveCfg = Release|Any CPU
		{A9CCE41C-6657-42BF-AED4-F3F578033037}.Release|Any CPU.Build.0 = Release|Any CPU
		{7D474533-B69B-495B-B95A-5D69AAF59C80}.Debug|Any CPU.ActiveCfg = Debug|Any CPU
		{7D474533-B69B-495B-B95A-5D69AAF59C80}.Debug|Any CPU.Build.0 = Debug|Any CPU
		{7D474533-B69B-495B-B95A-5D69AAF59C80}.Release|Any CPU.ActiveCfg = Release|Any CPU
		{7D474533-B69B-495B-B95A-5D69AAF59C80}.Release|Any CPU.Build.0 = Release|Any CPU
		{14A25425-D0B3-46AE-8584-61693E41CBAA}.Debug|Any CPU.ActiveCfg = Debug|Any CPU
		{14A25425-D0B3-46AE-8584-61693E41CBAA}.Debug|Any CPU.Build.0 = Debug|Any CPU
		{14A25425-D0B3-46AE-8584-61693E41CBAA}.Release|Any CPU.ActiveCfg = Release|Any CPU
		{14A25425-D0B3-46AE-8584-61693E41CBAA}.Release|Any CPU.Build.0 = Release|Any CPU
		{5F3ADB1B-C5B6-4690-AECB-18D28D93992A}.Debug|Any CPU.ActiveCfg = Debug|Any CPU
		{5F3ADB1B-C5B6-4690-AECB-18D28D93992A}.Debug|Any CPU.Build.0 = Debug|Any CPU
		{5F3ADB1B-C5B6-4690-AECB-18D28D93992A}.Release|Any CPU.ActiveCfg = Release|Any CPU
		{5F3ADB1B-C5B6-4690-AECB-18D28D93992A}.Release|Any CPU.Build.0 = Release|Any CPU
		{1549DC96-4483-48C4-ADF7-B7921BB46DEF}.Debug|Any CPU.ActiveCfg = Debug|Any CPU
		{1549DC96-4483-48C4-ADF7-B7921BB46DEF}.Debug|Any CPU.Build.0 = Debug|Any CPU
		{1549DC96-4483-48C4-ADF7-B7921BB46DEF}.Release|Any CPU.ActiveCfg = Release|Any CPU
		{1549DC96-4483-48C4-ADF7-B7921BB46DEF}.Release|Any CPU.Build.0 = Release|Any CPU
	EndGlobalSection
	GlobalSection(SolutionProperties) = preSolution
		HideSolutionNode = FALSE
	EndGlobalSection
	GlobalSection(ExtensibilityGlobals) = postSolution
		SolutionGuid = {2C5A14B7-5805-440E-96E8-D593C29DA2D7}
	EndGlobalSection
EndGlobal
